
Microsoft Visual Studio Solution File, Format Version 12.00
# Visual Studio 15
VisualStudioVersion = 15.0.28010.2019
MinimumVisualStudioVersion = 10.0.40219.1
Project("{8BC9CEB8-8B4A-11D0-8D11-00A0C91BC942}") = "C++ProjectMS5", "C++ProjectMS5\C++ProjectMS5.vcxproj", "{E2EED0A6-9385-442B-A208-D8C96E8E6E26}"
EndProject
Global
	GlobalSection(SolutionConfigurationPlatforms) = preSolution
		Debug|x64 = Debug|x64
		Debug|x86 = Debug|x86
		Release|x64 = Release|x64
		Release|x86 = Release|x86
	EndGlobalSection
	GlobalSection(ProjectConfigurationPlatforms) = postSolution
		{E2EED0A6-9385-442B-A208-D8C96E8E6E26}.Debug|x64.ActiveCfg = Debug|x64
		{E2EED0A6-9385-442B-A208-D8C96E8E6E26}.Debug|x64.Build.0 = Debug|x64
		{E2EED0A6-9385-442B-A208-D8C96E8E6E26}.Debug|x86.ActiveCfg = Debug|Win32
		{E2EED0A6-9385-442B-A208-D8C96E8E6E26}.Debug|x86.Build.0 = Debug|Win32
		{E2EED0A6-9385-442B-A208-D8C96E8E6E26}.Release|x64.ActiveCfg = Release|x64
		{E2EED0A6-9385-442B-A208-D8C96E8E6E26}.Release|x64.Build.0 = Release|x64
		{E2EED0A6-9385-442B-A208-D8C96E8E6E26}.Release|x86.ActiveCfg = Release|Win32
		{E2EED0A6-9385-442B-A208-D8C96E8E6E26}.Release|x86.Build.0 = Release|Win32
	EndGlobalSection
	GlobalSection(SolutionProperties) = preSolution
		HideSolutionNode = FALSE
	EndGlobalSection
	GlobalSection(ExtensibilityGlobals) = postSolution
		SolutionGuid = {22D1F920-BCE4-441E-802A-F0E04EDBF1C5}
	EndGlobalSection
EndGlobal
